
Microsoft Visual Studio Solution File, Format Version 12.00
# Visual Studio Version 17
VisualStudioVersion = 17.0.31903.59
MinimumVisualStudioVersion = 10.0.40219.1
Project("{FAE04EC0-301F-11D3-BF4B-00C04F79EFBC}") = "Backend", "Backend\Backend.csproj", "{77FB451E-A60F-4BD1-8EBB-0F4D149FD20A}"
EndProject
Project("{FAE04EC0-301F-11D3-BF4B-00C04F79EFBC}") = "Frontend", "Frontend\Frontend.csproj", "{B7B94012-065E-415E-B168-43D87B4CAC99}"
EndProject
Global
	GlobalSection(SolutionConfigurationPlatforms) = preSolution
		Debug|Any CPU = Debug|Any CPU
		Release|Any CPU = Release|Any CPU
	EndGlobalSection
	GlobalSection(SolutionProperties) = preSolution
		HideSolutionNode = FALSE
	EndGlobalSection
	GlobalSection(ProjectConfigurationPlatforms) = postSolution
		{77FB451E-A60F-4BD1-8EBB-0F4D149FD20A}.Debug|Any CPU.ActiveCfg = Debug|Any CPU
		{77FB451E-A60F-4BD1-8EBB-0F4D149FD20A}.Debug|Any CPU.Build.0 = Debug|Any CPU
		{77FB451E-A60F-4BD1-8EBB-0F4D149FD20A}.Release|Any CPU.ActiveCfg = Release|Any CPU
		{77FB451E-A60F-4BD1-8EBB-0F4D149FD20A}.Release|Any CPU.Build.0 = Release|Any CPU
		{B7B94012-065E-415E-B168-43D87B4CAC99}.Debug|Any CPU.ActiveCfg = Debug|Any CPU
		{B7B94012-065E-415E-B168-43D87B4CAC99}.Debug|Any CPU.Build.0 = Debug|Any CPU
		{B7B94012-065E-415E-B168-43D87B4CAC99}.Release|Any CPU.ActiveCfg = Release|Any CPU
		{B7B94012-065E-415E-B168-43D87B4CAC99}.Release|Any CPU.Build.0 = Release|Any CPU
	EndGlobalSection
EndGlobal
